
Microsoft Visual Studio Solution File, Format Version 12.00
# Visual Studio Version 17
VisualStudioVersion = 17.14.36414.22
MinimumVisualStudioVersion = 10.0.40219.1
Project("{2150E333-8FDC-42A3-9474-1A3956D46DE8}") = "Task0", "Task0", "{02EA681E-C7D8-13C7-8484-4AC65E1B71E8}"
EndProject
Project("{FAE04EC0-301F-11D3-BF4B-00C04F79EFBC}") = "Tyuiu.MoiseevSV.Sprint0.Task0.V0", "Tyuiu.MoiseevSV.Sprint0.Task0.V0\Tyuiu.MoiseevSV.Sprint0.Task0.V0.csproj", "{A91708DE-AE42-48AA-874A-4B29D8F7A988}"
EndProject
Project("{2150E333-8FDC-42A3-9474-1A3956D46DE8}") = "Task1", "Task1", "{6C1BD852-AAFB-4DDC-8026-64E55EF3CE3E}"
EndProject
Project("{FAE04EC0-301F-11D3-BF4B-00C04F79EFBC}") = "Tyuiu.MoiseevSV.Sprint0.Task1.V0", "Tyuiu.MoiseevSV.Sprint0.Task1.V0\Tyuiu.MoiseevSV.Sprint0.Task1.V0.csproj", "{658ED2D9-61E2-48EB-A004-3E5C746D90E2}"
EndProject
Project("{2150E333-8FDC-42A3-9474-1A3956D46DE8}") = "Task2", "Task2", "{1C877F5F-D959-4174-8380-EDD63E6DAE19}"
EndProject
Project("{FAE04EC0-301F-11D3-BF4B-00C04F79EFBC}") = "Tyuiu.MoiseevSV.Sprint0.Task2.V0", "Tyuiu.MoiseevSV.Sprint0.Task2.V0\Tyuiu.MoiseevSV.Sprint0.Task2.V0.csproj", "{056B3759-BACC-463E-ADBA-1233E34D2FB7}"
EndProject
Project("{FAE04EC0-301F-11D3-BF4B-00C04F79EFBC}") = "Tyuiu.MoiseevSV.Sprint0.Task2.V0.Lib", "Tyuiu.MoiseevSV.Sprint0.Task2.V0.Lib\Tyuiu.MoiseevSV.Sprint0.Task2.V0.Lib.csproj", "{E1DEC0DA-DE1F-46A7-8317-35B121DC3B17}"
EndProject
Project("{FAE04EC0-301F-11D3-BF4B-00C04F79EFBC}") = "Tyuiu.MoiseevSV.Sprint0.Task2.V0.Test", "Tyuiu.MoiseevSV.Sprint0.Task2.V0.Test\Tyuiu.MoiseevSV.Sprint0.Task2.V0.Test.csproj", "{DD87AC10-17AD-4137-8531-5F5779369873}"
EndProject
Project("{2150E333-8FDC-42A3-9474-1A3956D46DE8}") = "Task3", "Task3", "{BE4D7B8B-7041-4973-90C9-01440E7592F8}"
EndProject
Project("{FAE04EC0-301F-11D3-BF4B-00C04F79EFBC}") = "Tyuiu.MoiseevSV.Sprint0.Task3.V0.Test", "Tyuiu.MoiseevSV.Sprint0.Task3.V0.Test\Tyuiu.MoiseevSV.Sprint0.Task3.V0.Test.csproj", "{674914CE-1586-4425-9F31-AF655614A610}"
EndProject
Project("{FAE04EC0-301F-11D3-BF4B-00C04F79EFBC}") = "Tyuiu.MoiseevSV.Sprint0.Task3.V0.Lib", "Tyuiu.MoiseevSV.Sprint0.Task3.V0.Lib\Tyuiu.MoiseevSV.Sprint0.Task3.V0.Lib.csproj", "{1BBFA7B4-3F5D-48A8-8B06-7FE14AFC612D}"
EndProject
Project("{FAE04EC0-301F-11D3-BF4B-00C04F79EFBC}") = "Tyuiu.MoiseevSV.Sprint0.Task3.V0", "Tyuiu.MoiseevSV.Sprint0.Task3.V0\Tyuiu.MoiseevSV.Sprint0.Task3.V0.csproj", "{98494742-BD5A-4BC8-80DF-4BF94606004C}"
EndProject
Project("{2150E333-8FDC-42A3-9474-1A3956D46DE8}") = "Task4", "Task4", "{B1866AD8-3D0E-49D4-8E10-8907DD429D73}"
EndProject
Project("{FAE04EC0-301F-11D3-BF4B-00C04F79EFBC}") = "Tyuiu.MoiseevSV.Sprint0.Task4.V0", "Tyuiu.MoiseevSV.Sprint0.Task4.V0\Tyuiu.MoiseevSV.Sprint0.Task4.V0.csproj", "{505A11DF-08F5-4E13-B0F7-14C3204B89EC}"
EndProject
Project("{FAE04EC0-301F-11D3-BF4B-00C04F79EFBC}") = "Tyuiu.MoiseevSV.Sprint0.Task4.V0.Lib", "Tyuiu.MoiseevSV.Sprint0.Task4.V0.Lib\Tyuiu.MoiseevSV.Sprint0.Task4.V0.Lib.csproj", "{5C5EFFF6-8D93-4B06-96C7-A092A32C0EB2}"
EndProject
Project("{FAE04EC0-301F-11D3-BF4B-00C04F79EFBC}") = "Tyuiu.MoiseevSV.Sprint0.Task4.V0.Test", "Tyuiu.MoiseevSV.Sprint0.Task4.V0.Test\Tyuiu.MoiseevSV.Sprint0.Task4.V0.Test.csproj", "{10998915-2317-45CC-8E9A-14DF0150AD4D}"
EndProject
Global
	GlobalSection(SolutionConfigurationPlatforms) = preSolution
		Debug|Any CPU = Debug|Any CPU
		Release|Any CPU = Release|Any CPU
	EndGlobalSection
	GlobalSection(ProjectConfigurationPlatforms) = postSolution
		{A91708DE-AE42-48AA-874A-4B29D8F7A988}.Debug|Any CPU.ActiveCfg = Debug|Any CPU
		{A91708DE-AE42-48AA-874A-4B29D8F7A988}.Debug|Any CPU.Build.0 = Debug|Any CPU
		{A91708DE-AE42-48AA-874A-4B29D8F7A988}.Release|Any CPU.ActiveCfg = Release|Any CPU
		{A91708DE-AE42-48AA-874A-4B29D8F7A988}.Release|Any CPU.Build.0 = Release|Any CPU
		{658ED2D9-61E2-48EB-A004-3E5C746D90E2}.Debug|Any CPU.ActiveCfg = Debug|Any CPU
		{658ED2D9-61E2-48EB-A004-3E5C746D90E2}.Debug|Any CPU.Build.0 = Debug|Any CPU
		{658ED2D9-61E2-48EB-A004-3E5C746D90E2}.Release|Any CPU.ActiveCfg = Release|Any CPU
		{658ED2D9-61E2-48EB-A004-3E5C746D90E2}.Release|Any CPU.Build.0 = Release|Any CPU
		{056B3759-BACC-463E-ADBA-1233E34D2FB7}.Debug|Any CPU.ActiveCfg = Debug|Any CPU
		{056B3759-BACC-463E-ADBA-1233E34D2FB7}.Debug|Any CPU.Build.0 = Debug|Any CPU
		{056B3759-BACC-463E-ADBA-1233E34D2FB7}.Release|Any CPU.ActiveCfg = Release|Any CPU
		{056B3759-BACC-463E-ADBA-1233E34D2FB7}.Release|Any CPU.Build.0 = Release|Any CPU
		{E1DEC0DA-DE1F-46A7-8317-35B121DC3B17}.Debug|Any CPU.ActiveCfg = Debug|Any CPU
		{E1DEC0DA-DE1F-46A7-8317-35B121DC3B17}.Debug|Any CPU.Build.0 = Debug|Any CPU
		{E1DEC0DA-DE1F-46A7-8317-35B121DC3B17}.Release|Any CPU.ActiveCfg = Release|Any CPU
		{E1DEC0DA-DE1F-46A7-8317-35B121DC3B17}.Release|Any CPU.Build.0 = Release|Any CPU
		{DD87AC10-17AD-4137-8531-5F5779369873}.Debug|Any CPU.ActiveCfg = Debug|Any CPU
		{DD87AC10-17AD-4137-8531-5F5779369873}.Debug|Any CPU.Build.0 = Debug|Any CPU
		{DD87AC10-17AD-4137-8531-5F5779369873}.Release|Any CPU.ActiveCfg = Release|Any CPU
		{DD87AC10-17AD-4137-8531-5F5779369873}.Release|Any CPU.Build.0 = Release|Any CPU
		{674914CE-1586-4425-9F31-AF655614A610}.Debug|Any CPU.ActiveCfg = Debug|Any CPU
		{674914CE-1586-4425-9F31-AF655614A610}.Debug|Any CPU.Build.0 = Debug|Any CPU
		{674914CE-1586-4425-9F31-AF655614A610}.Release|Any CPU.ActiveCfg = Release|Any CPU
		{674914CE-1586-4425-9F31-AF655614A610}.Release|Any CPU.Build.0 = Release|Any CPU
		{1BBFA7B4-3F5D-48A8-8B06-7FE14AFC612D}.Debug|Any CPU.ActiveCfg = Debug|Any CPU
		{1BBFA7B4-3F5D-48A8-8B06-7FE14AFC612D}.Debug|Any CPU.Build.0 = Debug|Any CPU
		{1BBFA7B4-3F5D-48A8-8B06-7FE14AFC612D}.Release|Any CPU.ActiveCfg = Release|Any CPU
		{1BBFA7B4-3F5D-48A8-8B06-7FE14AFC612D}.Release|Any CPU.Build.0 = Release|Any CPU
		{98494742-BD5A-4BC8-80DF-4BF94606004C}.Debug|Any CPU.ActiveCfg = Debug|Any CPU
		{98494742-BD5A-4BC8-80DF-4BF94606004C}.Debug|Any CPU.Build.0 = Debug|Any CPU
		{98494742-BD5A-4BC8-80DF-4BF94606004C}.Release|Any CPU.ActiveCfg = Release|Any CPU
		{98494742-BD5A-4BC8-80DF-4BF94606004C}.Release|Any CPU.Build.0 = Release|Any CPU
		{505A11DF-08F5-4E13-B0F7-14C3204B89EC}.Debug|Any CPU.ActiveCfg = Debug|Any CPU
		{505A11DF-08F5-4E13-B0F7-14C3204B89EC}.Debug|Any CPU.Build.0 = Debug|Any CPU
		{505A11DF-08F5-4E13-B0F7-14C3204B89EC}.Release|Any CPU.ActiveCfg = Release|Any CPU
		{505A11DF-08F5-4E13-B0F7-14C3204B89EC}.Release|Any CPU.Build.0 = Release|Any CPU
		{5C5EFFF6-8D93-4B06-96C7-A092A32C0EB2}.Debug|Any CPU.ActiveCfg = Debug|Any CPU
		{5C5EFFF6-8D93-4B06-96C7-A092A32C0EB2}.Debug|Any CPU.Build.0 = Debug|Any CPU
		{5C5EFFF6-8D93-4B06-96C7-A092A32C0EB2}.Release|Any CPU.ActiveCfg = Release|Any CPU
		{5C5EFFF6-8D93-4B06-96C7-A092A32C0EB2}.Release|Any CPU.Build.0 = Release|Any CPU
		{10998915-2317-45CC-8E9A-14DF0150AD4D}.Debug|Any CPU.ActiveCfg = Debug|Any CPU
		{10998915-2317-45CC-8E9A-14DF0150AD4D}.Debug|Any CPU.Build.0 = Debug|Any CPU
		{10998915-2317-45CC-8E9A-14DF0150AD4D}.Release|Any CPU.ActiveCfg = Release|Any CPU
		{10998915-2317-45CC-8E9A-14DF0150AD4D}.Release|Any CPU.Build.0 = Release|Any CPU
	EndGlobalSection
	GlobalSection(SolutionProperties) = preSolution
		HideSolutionNode = FALSE
	EndGlobalSection
	GlobalSection(NestedProjects) = preSolution
		{A91708DE-AE42-48AA-874A-4B29D8F7A988} = {02EA681E-C7D8-13C7-8484-4AC65E1B71E8}
		{658ED2D9-61E2-48EB-A004-3E5C746D90E2} = {6C1BD852-AAFB-4DDC-8026-64E55EF3CE3E}
		{056B3759-BACC-463E-ADBA-1233E34D2FB7} = {1C877F5F-D959-4174-8380-EDD63E6DAE19}
		{E1DEC0DA-DE1F-46A7-8317-35B121DC3B17} = {1C877F5F-D959-4174-8380-EDD63E6DAE19}
		{DD87AC10-17AD-4137-8531-5F5779369873} = {1C877F5F-D959-4174-8380-EDD63E6DAE19}
		{674914CE-1586-4425-9F31-AF655614A610} = {BE4D7B8B-7041-4973-90C9-01440E7592F8}
		{1BBFA7B4-3F5D-48A8-8B06-7FE14AFC612D} = {BE4D7B8B-7041-4973-90C9-01440E7592F8}
		{98494742-BD5A-4BC8-80DF-4BF94606004C} = {BE4D7B8B-7041-4973-90C9-01440E7592F8}
		{505A11DF-08F5-4E13-B0F7-14C3204B89EC} = {B1866AD8-3D0E-49D4-8E10-8907DD429D73}
		{5C5EFFF6-8D93-4B06-96C7-A092A32C0EB2} = {B1866AD8-3D0E-49D4-8E10-8907DD429D73}
		{10998915-2317-45CC-8E9A-14DF0150AD4D} = {B1866AD8-3D0E-49D4-8E10-8907DD429D73}
	EndGlobalSection
	GlobalSection(ExtensibilityGlobals) = postSolution
		SolutionGuid = {6D5A539B-2667-43B6-AF16-E85529BCC2CD}
	EndGlobalSection
EndGlobal
